// !$*UTF8*$!
{
	archiveVersion = 1;
	classes = {
	};
	objectVersion = 51;
	objects = {

/* Begin PBXBuildFile section */
		5C3156A77FE11DC516DD6269 /* libPods-OpenDingTalkHelperForiOS.a in Frameworks */ = {isa = PBXBuildFile; fileRef = 293FA13B07376723A6CB9D17 /* libPods-OpenDingTalkHelperForiOS.a */; };
		7437ECEE244F265B003B3470 /* ODSecurityVC.m in Sources */ = {isa = PBXBuildFile; fileRef = 7437ECEC244F265A003B3470 /* ODSecurityVC.m */; };
		7437ECEF244F265B003B3470 /* ODSecurityVC.xib in Resources */ = {isa = PBXBuildFile; fileRef = 7437ECED244F265A003B3470 /* ODSecurityVC.xib */; };
		744AAA0523575A6E00322757 /* ODAppDelegate.m in Sources */ = {isa = PBXBuildFile; fileRef = 744AAA0423575A6E00322757 /* ODAppDelegate.m */; };
		744AAA0D23575A7100322757 /* Assets.xcassets in Resources */ = {isa = PBXBuildFile; fileRef = 744AAA0C23575A7100322757 /* Assets.xcassets */; };
		744AAA1023575A7100322757 /* LaunchScreen.storyboard in Resources */ = {isa = PBXBuildFile; fileRef = 744AAA0E23575A7100322757 /* LaunchScreen.storyboard */; };
		744AAA1323575A7100322757 /* main.m in Sources */ = {isa = PBXBuildFile; fileRef = 744AAA1223575A7100322757 /* main.m */; };
		744AAA1D23575A7200322757 /* OpenDingTalkHelperForiOSUITests.m in Sources */ = {isa = PBXBuildFile; fileRef = 744AAA1C23575A7200322757 /* OpenDingTalkHelperForiOSUITests.m */; };
		744AAA2C23575EE800322757 /* ODBaseVC.m in Sources */ = {isa = PBXBuildFile; fileRef = 744AAA2B23575EE800322757 /* ODBaseVC.m */; };
		744AAA332357601000322757 /* ODHomeVC.m in Sources */ = {isa = PBXBuildFile; fileRef = 744AAA312357601000322757 /* ODHomeVC.m */; };
		744AAA342357601000322757 /* ODHomeVC.xib in Resources */ = {isa = PBXBuildFile; fileRef = 744AAA322357601000322757 /* ODHomeVC.xib */; };
		744AAA382357633100322757 /* ODHomeCell.m in Sources */ = {isa = PBXBuildFile; fileRef = 744AAA362357633100322757 /* ODHomeCell.m */; };
		744AAA392357633100322757 /* ODHomeCell.xib in Resources */ = {isa = PBXBuildFile; fileRef = 744AAA372357633100322757 /* ODHomeCell.xib */; };
		744AAA3C23576AD000322757 /* ODHomeModel.m in Sources */ = {isa = PBXBuildFile; fileRef = 744AAA3B23576AD000322757 /* ODHomeModel.m */; };
		744AAA3F23576EB700322757 /* ODBaseEmptyView.m in Sources */ = {isa = PBXBuildFile; fileRef = 744AAA3E23576EB700322757 /* ODBaseEmptyView.m */; };
		744AAA4223580B5100322757 /* ODBaseUtil.m in Sources */ = {isa = PBXBuildFile; fileRef = 744AAA4123580B4900322757 /* ODBaseUtil.m */; };
		744AAA4C23581E7A00322757 /* ALToastView.m in Sources */ = {isa = PBXBuildFile; fileRef = 744AAA4823581E7A00322757 /* ALToastView.m */; };
		744AAA4D23581E7A00322757 /* UIView+Toast.m in Sources */ = {isa = PBXBuildFile; fileRef = 744AAA4B23581E7A00322757 /* UIView+Toast.m */; };
		74B686382358B5C100804DB9 /* ODHistoryVC.m in Sources */ = {isa = PBXBuildFile; fileRef = 74B686362358B5C100804DB9 /* ODHistoryVC.m */; };
		74B686392358B5C100804DB9 /* ODHistoryVC.xib in Resources */ = {isa = PBXBuildFile; fileRef = 74B686372358B5C100804DB9 /* ODHistoryVC.xib */; };
		74B6863D2358B5FE00804DB9 /* ODHistoryCell.m in Sources */ = {isa = PBXBuildFile; fileRef = 74B6863B2358B5FE00804DB9 /* ODHistoryCell.m */; };
		74B6863E2358B5FE00804DB9 /* ODHistoryCell.xib in Resources */ = {isa = PBXBuildFile; fileRef = 74B6863C2358B5FE00804DB9 /* ODHistoryCell.xib */; };
		74B686412358B78B00804DB9 /* ODHistoryModel.m in Sources */ = {isa = PBXBuildFile; fileRef = 74B686402358B78B00804DB9 /* ODHistoryModel.m */; };
		74B686462358CC7600804DB9 /* ODHelpVC.m in Sources */ = {isa = PBXBuildFile; fileRef = 74B686442358CC7600804DB9 /* ODHelpVC.m */; };
		74B686472358CC7600804DB9 /* ODHelpVC.xib in Resources */ = {isa = PBXBuildFile; fileRef = 74B686452358CC7600804DB9 /* ODHelpVC.xib */; };
		74B6864E23595D3F00804DB9 /* ODWeekSelectVC.m in Sources */ = {isa = PBXBuildFile; fileRef = 74B6864C23595D3F00804DB9 /* ODWeekSelectVC.m */; };
		74B6864F23595D3F00804DB9 /* ODWeekSelectVC.xib in Resources */ = {isa = PBXBuildFile; fileRef = 74B6864D23595D3F00804DB9 /* ODWeekSelectVC.xib */; };
		74B6865323595F8400804DB9 /* ODWeekSelectCell.m in Sources */ = {isa = PBXBuildFile; fileRef = 74B6865123595F8400804DB9 /* ODWeekSelectCell.m */; };
		74B6865423595F8400804DB9 /* ODWeekSelectCell.xib in Resources */ = {isa = PBXBuildFile; fileRef = 74B6865223595F8400804DB9 /* ODWeekSelectCell.xib */; };
		74B68657235960FC00804DB9 /* ODWeekSelectModel.m in Sources */ = {isa = PBXBuildFile; fileRef = 74B68656235960FC00804DB9 /* ODWeekSelectModel.m */; };
		74B6865B235A9DD700804DB9 /* FeatureGuideView.m in Sources */ = {isa = PBXBuildFile; fileRef = 74B68659235A9DD700804DB9 /* FeatureGuideView.m */; };
/* End PBXBuildFile section */

/* Begin PBXContainerItemProxy section */
		744AAA1923575A7200322757 /* PBXContainerItemProxy */ = {
			isa = PBXContainerItemProxy;
			containerPortal = 744AA9F823575A6E00322757 /* Project object */;
			proxyType = 1;
			remoteGlobalIDString = 744AA9FF23575A6E00322757;
			remoteInfo = OpenDingTalkHelperForiOS;
		};
/* End PBXContainerItemProxy section */

/* Begin PBXFileReference section */
		1AE2D4541150BEF7F0B6C67A /* Pods-OpenDingTalkHelperForiOS.debug.xcconfig */ = {isa = PBXFileReference; includeInIndex = 1; lastKnownFileType = text.xcconfig; name = "Pods-OpenDingTalkHelperForiOS.debug.xcconfig"; path = "Target Support Files/Pods-OpenDingTalkHelperForiOS/Pods-OpenDingTalkHelperForiOS.debug.xcconfig"; sourceTree = "<group>"; };
		293FA13B07376723A6CB9D17 /* libPods-OpenDingTalkHelperForiOS.a */ = {isa = PBXFileReference; explicitFileType = archive.ar; includeInIndex = 0; path = "libPods-OpenDingTalkHelperForiOS.a"; sourceTree = BUILT_PRODUCTS_DIR; };
		7437ECEB244F265A003B3470 /* ODSecurityVC.h */ = {isa = PBXFileReference; lastKnownFileType = sourcecode.c.h; path = ODSecurityVC.h; sourceTree = "<group>"; };
		7437ECEC244F265A003B3470 /* ODSecurityVC.m */ = {isa = PBXFileReference; lastKnownFileType = sourcecode.c.objc; path = ODSecurityVC.m; sourceTree = "<group>"; };
		7437ECED244F265A003B3470 /* ODSecurityVC.xib */ = {isa = PBXFileReference; lastKnownFileType = file.xib; path = ODSecurityVC.xib; sourceTree = "<group>"; };
		7437ECF024501732003B3470 /* ODConsts.h */ = {isa = PBXFileReference; lastKnownFileType = sourcecode.c.h; path = ODConsts.h; sourceTree = "<group>"; };
		744AAA0023575A6E00322757 /* OpenDingTalkHelperForiOS.app */ = {isa = PBXFileReference; explicitFileType = wrapper.application; includeInIndex = 0; path = OpenDingTalkHelperForiOS.app; sourceTree = BUILT_PRODUCTS_DIR; };
		744AAA0323575A6E00322757 /* ODAppDelegate.h */ = {isa = PBXFileReference; lastKnownFileType = sourcecode.c.h; path = ODAppDelegate.h; sourceTree = "<group>"; };
		744AAA0423575A6E00322757 /* ODAppDelegate.m */ = {isa = PBXFileReference; lastKnownFileType = sourcecode.c.objc; path = ODAppDelegate.m; sourceTree = "<group>"; };
		744AAA0C23575A7100322757 /* Assets.xcassets */ = {isa = PBXFileReference; lastKnownFileType = folder.assetcatalog; path = Assets.xcassets; sourceTree = "<group>"; };
		744AAA0F23575A7100322757 /* Base */ = {isa = PBXFileReference; lastKnownFileType = file.storyboard; name = Base; path = Base.lproj/LaunchScreen.storyboard; sourceTree = "<group>"; };
		744AAA1123575A7100322757 /* Info.plist */ = {isa = PBXFileReference; lastKnownFileType = text.plist.xml; path = Info.plist; sourceTree = "<group>"; };
		744AAA1223575A7100322757 /* main.m */ = {isa = PBXFileReference; lastKnownFileType = sourcecode.c.objc; path = main.m; sourceTree = "<group>"; };
		744AAA1823575A7200322757 /* OpenDingTalkHelperForiOSUITests.xctest */ = {isa = PBXFileReference; explicitFileType = wrapper.cfbundle; includeInIndex = 0; path = OpenDingTalkHelperForiOSUITests.xctest; sourceTree = BUILT_PRODUCTS_DIR; };
		744AAA1C23575A7200322757 /* OpenDingTalkHelperForiOSUITests.m */ = {isa = PBXFileReference; lastKnownFileType = sourcecode.c.objc; path = OpenDingTalkHelperForiOSUITests.m; sourceTree = "<group>"; };
		744AAA1E23575A7200322757 /* Info.plist */ = {isa = PBXFileReference; lastKnownFileType = text.plist.xml; path = Info.plist; sourceTree = "<group>"; };
		744AAA2923575E5B00322757 /* ODPrefixHeader.pch */ = {isa = PBXFileReference; lastKnownFileType = sourcecode.c.h; path = ODPrefixHeader.pch; sourceTree = "<group>"; };
		744AAA2A23575EE800322757 /* ODBaseVC.h */ = {isa = PBXFileReference; lastKnownFileType = sourcecode.c.h; path = ODBaseVC.h; sourceTree = "<group>"; };
		744AAA2B23575EE800322757 /* ODBaseVC.m */ = {isa = PBXFileReference; lastKnownFileType = sourcecode.c.objc; path = ODBaseVC.m; sourceTree = "<group>"; };
		744AAA302357601000322757 /* ODHomeVC.h */ = {isa = PBXFileReference; lastKnownFileType = sourcecode.c.h; path = ODHomeVC.h; sourceTree = "<group>"; };
		744AAA312357601000322757 /* ODHomeVC.m */ = {isa = PBXFileReference; lastKnownFileType = sourcecode.c.objc; path = ODHomeVC.m; sourceTree = "<group>"; };
		744AAA322357601000322757 /* ODHomeVC.xib */ = {isa = PBXFileReference; lastKnownFileType = file.xib; path = ODHomeVC.xib; sourceTree = "<group>"; };
		744AAA352357633100322757 /* ODHomeCell.h */ = {isa = PBXFileReference; lastKnownFileType = sourcecode.c.h; path = ODHomeCell.h; sourceTree = "<group>"; };
		744AAA362357633100322757 /* ODHomeCell.m */ = {isa = PBXFileReference; lastKnownFileType = sourcecode.c.objc; path = ODHomeCell.m; sourceTree = "<group>"; };
		744AAA372357633100322757 /* ODHomeCell.xib */ = {isa = PBXFileReference; lastKnownFileType = file.xib; path = ODHomeCell.xib; sourceTree = "<group>"; };
		744AAA3A23576AD000322757 /* ODHomeModel.h */ = {isa = PBXFileReference; lastKnownFileType = sourcecode.c.h; path = ODHomeModel.h; sourceTree = "<group>"; };
		744AAA3B23576AD000322757 /* ODHomeModel.m */ = {isa = PBXFileReference; lastKnownFileType = sourcecode.c.objc; path = ODHomeModel.m; sourceTree = "<group>"; };
		744AAA3D23576EB700322757 /* ODBaseEmptyView.h */ = {isa = PBXFileReference; lastKnownFileType = sourcecode.c.h; path = ODBaseEmptyView.h; sourceTree = "<group>"; };
		744AAA3E23576EB700322757 /* ODBaseEmptyView.m */ = {isa = PBXFileReference; lastKnownFileType = sourcecode.c.objc; path = ODBaseEmptyView.m; sourceTree = "<group>"; };
		744AAA4023580B4900322757 /* ODBaseUtil.h */ = {isa = PBXFileReference; lastKnownFileType = sourcecode.c.h; path = ODBaseUtil.h; sourceTree = "<group>"; };
		744AAA4123580B4900322757 /* ODBaseUtil.m */ = {isa = PBXFileReference; lastKnownFileType = sourcecode.c.objc; path = ODBaseUtil.m; sourceTree = "<group>"; };
		744AAA4823581E7A00322757 /* ALToastView.m */ = {isa = PBXFileReference; fileEncoding = 4; lastKnownFileType = sourcecode.c.objc; path = ALToastView.m; sourceTree = "<group>"; };
		744AAA4923581E7A00322757 /* UIView+Toast.h */ = {isa = PBXFileReference; fileEncoding = 4; lastKnownFileType = sourcecode.c.h; path = "UIView+Toast.h"; sourceTree = "<group>"; };
		744AAA4A23581E7A00322757 /* ALToastView.h */ = {isa = PBXFileReference; fileEncoding = 4; lastKnownFileType = sourcecode.c.h; path = ALToastView.h; sourceTree = "<group>"; };
		744AAA4B23581E7A00322757 /* UIView+Toast.m */ = {isa = PBXFileReference; fileEncoding = 4; lastKnownFileType = sourcecode.c.objc; path = "UIView+Toast.m"; sourceTree = "<group>"; };
		74B686352358B5C100804DB9 /* ODHistoryVC.h */ = {isa = PBXFileReference; lastKnownFileType = sourcecode.c.h; path = ODHistoryVC.h; sourceTree = "<group>"; };
		74B686362358B5C100804DB9 /* ODHistoryVC.m */ = {isa = PBXFileReference; lastKnownFileType = sourcecode.c.objc; path = ODHistoryVC.m; sourceTree = "<group>"; };
		74B686372358B5C100804DB9 /* ODHistoryVC.xib */ = {isa = PBXFileReference; lastKnownFileType = file.xib; path = ODHistoryVC.xib; sourceTree = "<group>"; };
		74B6863A2358B5FE00804DB9 /* ODHistoryCell.h */ = {isa = PBXFileReference; lastKnownFileType = sourcecode.c.h; path = ODHistoryCell.h; sourceTree = "<group>"; };
		74B6863B2358B5FE00804DB9 /* ODHistoryCell.m */ = {isa = PBXFileReference; lastKnownFileType = sourcecode.c.objc; path = ODHistoryCell.m; sourceTree = "<group>"; };
		74B6863C2358B5FE00804DB9 /* ODHistoryCell.xib */ = {isa = PBXFileReference; lastKnownFileType = file.xib; path = ODHistoryCell.xib; sourceTree = "<group>"; };
		74B6863F2358B78B00804DB9 /* ODHistoryModel.h */ = {isa = PBXFileReference; lastKnownFileType = sourcecode.c.h; path = ODHistoryModel.h; sourceTree = "<group>"; };
		74B686402358B78B00804DB9 /* ODHistoryModel.m */ = {isa = PBXFileReference; lastKnownFileType = sourcecode.c.objc; path = ODHistoryModel.m; sourceTree = "<group>"; };
		74B686432358CC7600804DB9 /* ODHelpVC.h */ = {isa = PBXFileReference; lastKnownFileType = sourcecode.c.h; path = ODHelpVC.h; sourceTree = "<group>"; };
		74B686442358CC7600804DB9 /* ODHelpVC.m */ = {isa = PBXFileReference; lastKnownFileType = sourcecode.c.objc; path = ODHelpVC.m; sourceTree = "<group>"; };
		74B686452358CC7600804DB9 /* ODHelpVC.xib */ = {isa = PBXFileReference; lastKnownFileType = file.xib; path = ODHelpVC.xib; sourceTree = "<group>"; };
		74B6864B23595D3F00804DB9 /* ODWeekSelectVC.h */ = {isa = PBXFileReference; lastKnownFileType = sourcecode.c.h; path = ODWeekSelectVC.h; sourceTree = "<group>"; };
		74B6864C23595D3F00804DB9 /* ODWeekSelectVC.m */ = {isa = PBXFileReference; lastKnownFileType = sourcecode.c.objc; path = ODWeekSelectVC.m; sourceTree = "<group>"; };
		74B6864D23595D3F00804DB9 /* ODWeekSelectVC.xib */ = {isa = PBXFileReference; lastKnownFileType = file.xib; path = ODWeekSelectVC.xib; sourceTree = "<group>"; };
		74B6865023595F8400804DB9 /* ODWeekSelectCell.h */ = {isa = PBXFileReference; lastKnownFileType = sourcecode.c.h; path = ODWeekSelectCell.h; sourceTree = "<group>"; };
		74B6865123595F8400804DB9 /* ODWeekSelectCell.m */ = {isa = PBXFileReference; lastKnownFileType = sourcecode.c.objc; path = ODWeekSelectCell.m; sourceTree = "<group>"; };
		74B6865223595F8400804DB9 /* ODWeekSelectCell.xib */ = {isa = PBXFileReference; lastKnownFileType = file.xib; path = ODWeekSelectCell.xib; sourceTree = "<group>"; };
		74B68655235960FC00804DB9 /* ODWeekSelectModel.h */ = {isa = PBXFileReference; lastKnownFileType = sourcecode.c.h; path = ODWeekSelectModel.h; sourceTree = "<group>"; };
		74B68656235960FC00804DB9 /* ODWeekSelectModel.m */ = {isa = PBXFileReference; lastKnownFileType = sourcecode.c.objc; path = ODWeekSelectModel.m; sourceTree = "<group>"; };
		74B68659235A9DD700804DB9 /* FeatureGuideView.m */ = {isa = PBXFileReference; fileEncoding = 4; lastKnownFileType = sourcecode.c.objc; path = FeatureGuideView.m; sourceTree = "<group>"; };
		74B6865A235A9DD700804DB9 /* FeatureGuideView.h */ = {isa = PBXFileReference; fileEncoding = 4; lastKnownFileType = sourcecode.c.h; path = FeatureGuideView.h; sourceTree = "<group>"; };
		E8ABF461A4588173BF5954BA /* Pods-OpenDingTalkHelperForiOS.release.xcconfig */ = {isa = PBXFileReference; includeInIndex = 1; lastKnownFileType = text.xcconfig; name = "Pods-OpenDingTalkHelperForiOS.release.xcconfig"; path = "Target Support Files/Pods-OpenDingTalkHelperForiOS/Pods-OpenDingTalkHelperForiOS.release.xcconfig"; sourceTree = "<group>"; };
/* End PBXFileReference section */

/* Begin PBXFrameworksBuildPhase section */
		744AA9FD23575A6E00322757 /* Frameworks */ = {
			isa = PBXFrameworksBuildPhase;
			buildActionMask = 2147483647;
			files = (
				5C3156A77FE11DC516DD6269 /* libPods-OpenDingTalkHelperForiOS.a in Frameworks */,
			);
			runOnlyForDeploymentPostprocessing = 0;
		};
		744AAA1523575A7200322757 /* Frameworks */ = {
			isa = PBXFrameworksBuildPhase;
			buildActionMask = 2147483647;
			files = (
			);
			runOnlyForDeploymentPostprocessing = 0;
		};
/* End PBXFrameworksBuildPhase section */

/* Begin PBXGroup section */
		08BB0DB5440242D699D818B1 /* Frameworks */ = {
			isa = PBXGroup;
			children = (
				293FA13B07376723A6CB9D17 /* libPods-OpenDingTalkHelperForiOS.a */,
			);
			name = Frameworks;
			sourceTree = "<group>";
		};
		5A47AED925B5E90037DE3CC1 /* Pods */ = {
			isa = PBXGroup;
			children = (
				1AE2D4541150BEF7F0B6C67A /* Pods-OpenDingTalkHelperForiOS.debug.xcconfig */,
				E8ABF461A4588173BF5954BA /* Pods-OpenDingTalkHelperForiOS.release.xcconfig */,
			);
			path = Pods;
			sourceTree = "<group>";
		};
		7437ECE7244F25F7003B3470 /* ODSecurity */ = {
			isa = PBXGroup;
			children = (
				7437ECE9244F25F7003B3470 /* Model */,
				7437ECEA244F25F7003B3470 /* View */,
				7437ECE8244F25F7003B3470 /* Controller */,
			);
			path = ODSecurity;
			sourceTree = "<group>";
		};
		7437ECE8244F25F7003B3470 /* Controller */ = {
			isa = PBXGroup;
			children = (
				7437ECEB244F265A003B3470 /* ODSecurityVC.h */,
				7437ECEC244F265A003B3470 /* ODSecurityVC.m */,
				7437ECED244F265A003B3470 /* ODSecurityVC.xib */,
			);
			path = Controller;
			sourceTree = "<group>";
		};
		7437ECE9244F25F7003B3470 /* Model */ = {
			isa = PBXGroup;
			children = (
			);
			path = Model;
			sourceTree = "<group>";
		};
		7437ECEA244F25F7003B3470 /* View */ = {
			isa = PBXGroup;
			children = (
			);
			path = View;
			sourceTree = "<group>";
		};
		744AA9F723575A6E00322757 = {
			isa = PBXGroup;
			children = (
				744AAA0223575A6E00322757 /* OpenDingTalkHelperForiOS */,
				744AAA1B23575A7200322757 /* OpenDingTalkHelperForiOSUITests */,
				744AAA0123575A6E00322757 /* Products */,
				5A47AED925B5E90037DE3CC1 /* Pods */,
				08BB0DB5440242D699D818B1 /* Frameworks */,
			);
			sourceTree = "<group>";
		};
		744AAA0123575A6E00322757 /* Products */ = {
			isa = PBXGroup;
			children = (
				744AAA0023575A6E00322757 /* OpenDingTalkHelperForiOS.app */,
				744AAA1823575A7200322757 /* OpenDingTalkHelperForiOSUITests.xctest */,
			);
			name = Products;
			sourceTree = "<group>";
		};
		744AAA0223575A6E00322757 /* OpenDingTalkHelperForiOS */ = {
			isa = PBXGroup;
			children = (
				744AAA2823575E3900322757 /* ODOther */,
				744AAA2723575E2800322757 /* ODBase */,
				744AAA2D23575FEB00322757 /* ODHome */,
				74B6864823595D2B00804DB9 /* ODWeekSelect */,
				74B686322358B5A200804DB9 /* ODHistory */,
				74B686422358CC5B00804DB9 /* ODHelp */,
				7437ECE7244F25F7003B3470 /* ODSecurity */,
				744AAA4623581E3500322757 /* ThirdParty */,
				744AAA0323575A6E00322757 /* ODAppDelegate.h */,
				744AAA0423575A6E00322757 /* ODAppDelegate.m */,
				744AAA0C23575A7100322757 /* Assets.xcassets */,
				744AAA0E23575A7100322757 /* LaunchScreen.storyboard */,
				744AAA1123575A7100322757 /* Info.plist */,
				744AAA1223575A7100322757 /* main.m */,
			);
			path = OpenDingTalkHelperForiOS;
			sourceTree = "<group>";
		};
		744AAA1B23575A7200322757 /* OpenDingTalkHelperForiOSUITests */ = {
			isa = PBXGroup;
			children = (
				744AAA1C23575A7200322757 /* OpenDingTalkHelperForiOSUITests.m */,
				744AAA1E23575A7200322757 /* Info.plist */,
			);
			path = OpenDingTalkHelperForiOSUITests;
			sourceTree = "<group>";
		};
		744AAA2723575E2800322757 /* ODBase */ = {
			isa = PBXGroup;
			children = (
				744AAA2A23575EE800322757 /* ODBaseVC.h */,
				744AAA2B23575EE800322757 /* ODBaseVC.m */,
				744AAA3D23576EB700322757 /* ODBaseEmptyView.h */,
				744AAA3E23576EB700322757 /* ODBaseEmptyView.m */,
				744AAA4023580B4900322757 /* ODBaseUtil.h */,
				744AAA4123580B4900322757 /* ODBaseUtil.m */,
			);
			path = ODBase;
			sourceTree = "<group>";
		};
		744AAA2823575E3900322757 /* ODOther */ = {
			isa = PBXGroup;
			children = (
				744AAA2923575E5B00322757 /* ODPrefixHeader.pch */,
				7437ECF024501732003B3470 /* ODConsts.h */,
			);
			path = ODOther;
			sourceTree = "<group>";
		};
		744AAA2D23575FEB00322757 /* ODHome */ = {
			isa = PBXGroup;
			children = (
				744AAA2E23575FEB00322757 /* Model */,
				744AAA2F23575FEB00322757 /* View */,
				744AAA302357601000322757 /* ODHomeVC.h */,
				744AAA312357601000322757 /* ODHomeVC.m */,
				744AAA322357601000322757 /* ODHomeVC.xib */,
			);
			path = ODHome;
			sourceTree = "<group>";
		};
		744AAA2E23575FEB00322757 /* Model */ = {
			isa = PBXGroup;
			children = (
				744AAA3A23576AD000322757 /* ODHomeModel.h */,
				744AAA3B23576AD000322757 /* ODHomeModel.m */,
			);
			path = Model;
			sourceTree = "<group>";
		};
		744AAA2F23575FEB00322757 /* View */ = {
			isa = PBXGroup;
			children = (
				744AAA352357633100322757 /* ODHomeCell.h */,
				744AAA362357633100322757 /* ODHomeCell.m */,
				744AAA372357633100322757 /* ODHomeCell.xib */,
			);
			path = View;
			sourceTree = "<group>";
		};
		744AAA4623581E3500322757 /* ThirdParty */ = {
			isa = PBXGroup;
			children = (
				74B68658235A9DD700804DB9 /* FeatureGuideView */,
				744AAA4723581E7A00322757 /* Toast */,
			);
			path = ThirdParty;
			sourceTree = "<group>";
		};
		744AAA4723581E7A00322757 /* Toast */ = {
			isa = PBXGroup;
			children = (
				744AAA4923581E7A00322757 /* UIView+Toast.h */,
				744AAA4B23581E7A00322757 /* UIView+Toast.m */,
				744AAA4A23581E7A00322757 /* ALToastView.h */,
				744AAA4823581E7A00322757 /* ALToastView.m */,
			);
			path = Toast;
			sourceTree = "<group>";
		};
		74B686322358B5A200804DB9 /* ODHistory */ = {
			isa = PBXGroup;
			children = (
				74B686332358B5A200804DB9 /* Model */,
				74B686342358B5A200804DB9 /* View */,
				74B686352358B5C100804DB9 /* ODHistoryVC.h */,
				74B686362358B5C100804DB9 /* ODHistoryVC.m */,
				74B686372358B5C100804DB9 /* ODHistoryVC.xib */,
			);
			path = ODHistory;
			sourceTree = "<group>";
		};
		74B686332358B5A200804DB9 /* Model */ = {
			isa = PBXGroup;
			children = (
				74B6863F2358B78B00804DB9 /* ODHistoryModel.h */,
				74B686402358B78B00804DB9 /* ODHistoryModel.m */,
			);
			path = Model;
			sourceTree = "<group>";
		};
		74B686342358B5A200804DB9 /* View */ = {
			isa = PBXGroup;
			children = (
				74B6863A2358B5FE00804DB9 /* ODHistoryCell.h */,
				74B6863B2358B5FE00804DB9 /* ODHistoryCell.m */,
				74B6863C2358B5FE00804DB9 /* ODHistoryCell.xib */,
			);
			path = View;
			sourceTree = "<group>";
		};
		74B686422358CC5B00804DB9 /* ODHelp */ = {
			isa = PBXGroup;
			children = (
				74B686432358CC7600804DB9 /* ODHelpVC.h */,
				74B686442358CC7600804DB9 /* ODHelpVC.m */,
				74B686452358CC7600804DB9 /* ODHelpVC.xib */,
			);
			path = ODHelp;
			sourceTree = "<group>";
		};
		74B6864823595D2B00804DB9 /* ODWeekSelect */ = {
			isa = PBXGroup;
			children = (
				74B6864923595D2B00804DB9 /* Model */,
				74B6864A23595D2B00804DB9 /* View */,
				74B6864B23595D3F00804DB9 /* ODWeekSelectVC.h */,
				74B6864C23595D3F00804DB9 /* ODWeekSelectVC.m */,
				74B6864D23595D3F00804DB9 /* ODWeekSelectVC.xib */,
			);
			path = ODWeekSelect;
			sourceTree = "<group>";
		};
		74B6864923595D2B00804DB9 /* Model */ = {
			isa = PBXGroup;
			children = (
				74B68655235960FC00804DB9 /* ODWeekSelectModel.h */,
				74B68656235960FC00804DB9 /* ODWeekSelectModel.m */,
			);
			path = Model;
			sourceTree = "<group>";
		};
		74B6864A23595D2B00804DB9 /* View */ = {
			isa = PBXGroup;
			children = (
				74B6865023595F8400804DB9 /* ODWeekSelectCell.h */,
				74B6865123595F8400804DB9 /* ODWeekSelectCell.m */,
				74B6865223595F8400804DB9 /* ODWeekSelectCell.xib */,
			);
			path = View;
			sourceTree = "<group>";
		};
		74B68658235A9DD700804DB9 /* FeatureGuideView */ = {
			isa = PBXGroup;
			children = (
				74B6865A235A9DD700804DB9 /* FeatureGuideView.h */,
				74B68659235A9DD700804DB9 /* FeatureGuideView.m */,
			);
			path = FeatureGuideView;
			sourceTree = "<group>";
		};
/* End PBXGroup section */

/* Begin PBXNativeTarget section */
		744AA9FF23575A6E00322757 /* OpenDingTalkHelperForiOS */ = {
			isa = PBXNativeTarget;
			buildConfigurationList = 744AAA2123575A7200322757 /* Build configuration list for PBXNativeTarget "OpenDingTalkHelperForiOS" */;
			buildPhases = (
				91A1BEC8C631EF17FBBC0E71 /* [CP] Check Pods Manifest.lock */,
				744AA9FC23575A6E00322757 /* Sources */,
				744AA9FD23575A6E00322757 /* Frameworks */,
				744AA9FE23575A6E00322757 /* Resources */,
				CF39C1A9A6D3C5DECA2297F1 /* [CP] Copy Pods Resources */,
			);
			buildRules = (
			);
			dependencies = (
			);
			name = OpenDingTalkHelperForiOS;
			productName = OpenDingTalkHelperForiOS;
			productReference = 744AAA0023575A6E00322757 /* OpenDingTalkHelperForiOS.app */;
			productType = "com.apple.product-type.application";
		};
		744AAA1723575A7200322757 /* OpenDingTalkHelperForiOSUITests */ = {
			isa = PBXNativeTarget;
			buildConfigurationList = 744AAA2423575A7200322757 /* Build configuration list for PBXNativeTarget "OpenDingTalkHelperForiOSUITests" */;
			buildPhases = (
				744AAA1423575A7200322757 /* Sources */,
				744AAA1523575A7200322757 /* Frameworks */,
				744AAA1623575A7200322757 /* Resources */,
			);
			buildRules = (
			);
			dependencies = (
				744AAA1A23575A7200322757 /* PBXTargetDependency */,
			);
			name = OpenDingTalkHelperForiOSUITests;
			productName = OpenDingTalkHelperForiOSUITests;
			productReference = 744AAA1823575A7200322757 /* OpenDingTalkHelperForiOSUITests.xctest */;
			productType = "com.apple.product-type.bundle.ui-testing";
		};
/* End PBXNativeTarget section */

/* Begin PBXProject section */
		744AA9F823575A6E00322757 /* Project object */ = {
			isa = PBXProject;
			attributes = {
				LastUpgradeCheck = 1020;
				ORGANIZATIONNAME = ZXLee;
				TargetAttributes = {
					744AA9FF23575A6E00322757 = {
						CreatedOnToolsVersion = 10.2;
					};
					744AAA1723575A7200322757 = {
						CreatedOnToolsVersion = 10.2;
						TestTargetID = 744AA9FF23575A6E00322757;
					};
				};
			};
			buildConfigurationList = 744AA9FB23575A6E00322757 /* Build configuration list for PBXProject "OpenDingTalkHelperForiOS" */;
			compatibilityVersion = "Xcode 9.3";
			developmentRegion = en;
			hasScannedForEncodings = 0;
			knownRegions = (
				en,
				Base,
			);
			mainGroup = 744AA9F723575A6E00322757;
			productRefGroup = 744AAA0123575A6E00322757 /* Products */;
			projectDirPath = "";
			projectRoot = "";
			targets = (
				744AA9FF23575A6E00322757 /* OpenDingTalkHelperForiOS */,
				744AAA1723575A7200322757 /* OpenDingTalkHelperForiOSUITests */,
			);
		};
/* End PBXProject section */

/* Begin PBXResourcesBuildPhase section */
		744AA9FE23575A6E00322757 /* Resources */ = {
			isa = PBXResourcesBuildPhase;
			buildActionMask = 2147483647;
			files = (
				74B686472358CC7600804DB9 /* ODHelpVC.xib in Resources */,
				744AAA1023575A7100322757 /* LaunchScreen.storyboard in Resources */,
				744AAA392357633100322757 /* ODHomeCell.xib in Resources */,
				74B6864F23595D3F00804DB9 /* ODWeekSelectVC.xib in Resources */,
				744AAA0D23575A7100322757 /* Assets.xcassets in Resources */,
				74B686392358B5C100804DB9 /* ODHistoryVC.xib in Resources */,
				744AAA342357601000322757 /* ODHomeVC.xib in Resources */,
				74B6865423595F8400804DB9 /* ODWeekSelectCell.xib in Resources */,
				74B6863E2358B5FE00804DB9 /* ODHistoryCell.xib in Resources */,
				7437ECEF244F265B003B3470 /* ODSecurityVC.xib in Resources */,
			);
			runOnlyForDeploymentPostprocessing = 0;
		};
		744AAA1623575A7200322757 /* Resources */ = {
			isa = PBXResourcesBuildPhase;
			buildActionMask = 2147483647;
			files = (
			);
			runOnlyForDeploymentPostprocessing = 0;
		};
/* End PBXResourcesBuildPhase section */

/* Begin PBXShellScriptBuildPhase section */
		91A1BEC8C631EF17FBBC0E71 /* [CP] Check Pods Manifest.lock */ = {
			isa = PBXShellScriptBuildPhase;
			buildActionMask = 2147483647;
			files = (
			);
			inputFileListPaths = (
			);
			inputPaths = (
				"${PODS_PODFILE_DIR_PATH}/Podfile.lock",
				"${PODS_ROOT}/Manifest.lock",
			);
			name = "[CP] Check Pods Manifest.lock";
			outputFileListPaths = (
			);
			outputPaths = (
				"$(DERIVED_FILE_DIR)/Pods-OpenDingTalkHelperForiOS-checkManifestLockResult.txt",
			);
			runOnlyForDeploymentPostprocessing = 0;
			shellPath = /bin/sh;
			shellScript = "diff \"${PODS_PODFILE_DIR_PATH}/Podfile.lock\" \"${PODS_ROOT}/Manifest.lock\" > /dev/null\nif [ $? != 0 ] ; then\n    # print error to STDERR\n    echo \"error: The sandbox is not in sync with the Podfile.lock. Run 'pod install' or update your CocoaPods installation.\" >&2\n    exit 1\nfi\n# This output is used by Xcode 'outputs' to avoid re-running this script phase.\necho \"SUCCESS\" > \"${SCRIPT_OUTPUT_FILE_0}\"\n";
			showEnvVarsInLog = 0;
		};
		CF39C1A9A6D3C5DECA2297F1 /* [CP] Copy Pods Resources */ = {
			isa = PBXShellScriptBuildPhase;
			buildActionMask = 2147483647;
			files = (
			);
			inputFileListPaths = (
				"${PODS_ROOT}/Target Support Files/Pods-OpenDingTalkHelperForiOS/Pods-OpenDingTalkHelperForiOS-resources-${CONFIGURATION}-input-files.xcfilelist",
			);
			name = "[CP] Copy Pods Resources";
			outputFileListPaths = (
				"${PODS_ROOT}/Target Support Files/Pods-OpenDingTalkHelperForiOS/Pods-OpenDingTalkHelperForiOS-resources-${CONFIGURATION}-output-files.xcfilelist",
			);
			runOnlyForDeploymentPostprocessing = 0;
			shellPath = /bin/sh;
			shellScript = "\"${PODS_ROOT}/Target Support Files/Pods-OpenDingTalkHelperForiOS/Pods-OpenDingTalkHelperForiOS-resources.sh\"\n";
			showEnvVarsInLog = 0;
		};
/* End PBXShellScriptBuildPhase section */

/* Begin PBXSourcesBuildPhase section */
		744AA9FC23575A6E00322757 /* Sources */ = {
			isa = PBXSourcesBuildPhase;
			buildActionMask = 2147483647;
			files = (
				744AAA2C23575EE800322757 /* ODBaseVC.m in Sources */,
				744AAA4C23581E7A00322757 /* ALToastView.m in Sources */,
				744AAA332357601000322757 /* ODHomeVC.m in Sources */,
				74B6863D2358B5FE00804DB9 /* ODHistoryCell.m in Sources */,
				74B6864E23595D3F00804DB9 /* ODWeekSelectVC.m in Sources */,
				7437ECEE244F265B003B3470 /* ODSecurityVC.m in Sources */,
				744AAA382357633100322757 /* ODHomeCell.m in Sources */,
				744AAA4223580B5100322757 /* ODBaseUtil.m in Sources */,
				74B686412358B78B00804DB9 /* ODHistoryModel.m in Sources */,
				744AAA1323575A7100322757 /* main.m in Sources */,
				74B686462358CC7600804DB9 /* ODHelpVC.m in Sources */,
				744AAA0523575A6E00322757 /* ODAppDelegate.m in Sources */,
				744AAA3C23576AD000322757 /* ODHomeModel.m in Sources */,
				74B6865B235A9DD700804DB9 /* FeatureGuideView.m in Sources */,
				74B6865323595F8400804DB9 /* ODWeekSelectCell.m in Sources */,
				744AAA4D23581E7A00322757 /* UIView+Toast.m in Sources */,
				744AAA3F23576EB700322757 /* ODBaseEmptyView.m in Sources */,
				74B686382358B5C100804DB9 /* ODHistoryVC.m in Sources */,
				74B68657235960FC00804DB9 /* ODWeekSelectModel.m in Sources */,
			);
			runOnlyForDeploymentPostprocessing = 0;
		};
		744AAA1423575A7200322757 /* Sources */ = {
			isa = PBXSourcesBuildPhase;
			buildActionMask = 2147483647;
			files = (
				744AAA1D23575A7200322757 /* OpenDingTalkHelperForiOSUITests.m in Sources */,
			);
			runOnlyForDeploymentPostprocessing = 0;
		};
/* End PBXSourcesBuildPhase section */

/* Begin PBXTargetDependency section */
		744AAA1A23575A7200322757 /* PBXTargetDependency */ = {
			isa = PBXTargetDependency;
			target = 744AA9FF23575A6E00322757 /* OpenDingTalkHelperForiOS */;
			targetProxy = 744AAA1923575A7200322757 /* PBXContainerItemProxy */;
		};
/* End PBXTargetDependency section */

/* Begin PBXVariantGroup section */
		744AAA0E23575A7100322757 /* LaunchScreen.storyboard */ = {
			isa = PBXVariantGroup;
			children = (
				744AAA0F23575A7100322757 /* Base */,
			);
			name = LaunchScreen.storyboard;
			sourceTree = "<group>";
		};
/* End PBXVariantGroup section */

/* Begin XCBuildConfiguration section */
		744AAA1F23575A7200322757 /* Debug */ = {
			isa = XCBuildConfiguration;
			buildSettings = {
				ALWAYS_SEARCH_USER_PATHS = NO;
				CLANG_ANALYZER_NONNULL = YES;
				CLANG_ANALYZER_NUMBER_OBJECT_CONVERSION = YES_AGGRESSIVE;
				CLANG_CXX_LANGUAGE_STANDARD = "gnu++14";
				CLANG_CXX_LIBRARY = "libc++";
				CLANG_ENABLE_MODULES = YES;
				CLANG_ENABLE_OBJC_ARC = YES;
				CLANG_ENABLE_OBJC_WEAK = YES;
				CLANG_WARN_BLOCK_CAPTURE_AUTORELEASING = YES;
				CLANG_WARN_BOOL_CONVERSION = YES;
				CLANG_WARN_COMMA = YES;
				CLANG_WARN_CONSTANT_CONVERSION = YES;
				CLANG_WARN_DEPRECATED_OBJC_IMPLEMENTATIONS = YES;
				CLANG_WARN_DIRECT_OBJC_ISA_USAGE = YES_ERROR;
				CLANG_WARN_DOCUMENTATION_COMMENTS = YES;
				CLANG_WARN_EMPTY_BODY = YES;
				CLANG_WARN_ENUM_CONVERSION = YES;
				CLANG_WARN_INFINITE_RECURSION = YES;
				CLANG_WARN_INT_CONVERSION = YES;
				CLANG_WARN_NON_LITERAL_NULL_CONVERSION = YES;
				CLANG_WARN_OBJC_IMPLICIT_RETAIN_SELF = YES;
				CLANG_WARN_OBJC_LITERAL_CONVERSION = YES;
				CLANG_WARN_OBJC_ROOT_CLASS = YES_ERROR;
				CLANG_WARN_RANGE_LOOP_ANALYSIS = YES;
				CLANG_WARN_STRICT_PROTOTYPES = YES;
				CLANG_WARN_SUSPICIOUS_MOVE = YES;
				CLANG_WARN_UNGUARDED_AVAILABILITY = YES_AGGRESSIVE;
				CLANG_WARN_UNREACHABLE_CODE = YES;
				CLANG_WARN__DUPLICATE_METHOD_MATCH = YES;
				CODE_SIGN_IDENTITY = "iPhone Developer";
				COPY_PHASE_STRIP = NO;
				DEBUG_INFORMATION_FORMAT = dwarf;
				ENABLE_STRICT_OBJC_MSGSEND = YES;
				ENABLE_TESTABILITY = YES;
				GCC_C_LANGUAGE_STANDARD = gnu11;
				GCC_DYNAMIC_NO_PIC = NO;
				GCC_NO_COMMON_BLOCKS = YES;
				GCC_OPTIMIZATION_LEVEL = 0;
				GCC_PREPROCESSOR_DEFINITIONS = (
					"DEBUG=1",
					"$(inherited)",
				);
				GCC_WARN_64_TO_32_BIT_CONVERSION = YES;
				GCC_WARN_ABOUT_RETURN_TYPE = YES_ERROR;
				GCC_WARN_UNDECLARED_SELECTOR = YES;
				GCC_WARN_UNINITIALIZED_AUTOS = YES_AGGRESSIVE;
				GCC_WARN_UNUSED_FUNCTION = YES;
				GCC_WARN_UNUSED_VARIABLE = YES;
				IPHONEOS_DEPLOYMENT_TARGET = 12.2;
				MTL_ENABLE_DEBUG_INFO = INCLUDE_SOURCE;
				MTL_FAST_MATH = YES;
				ONLY_ACTIVE_ARCH = YES;
				SDKROOT = iphoneos;
			};
			name = Debug;
		};
		744AAA2023575A7200322757 /* Release */ = {
			isa = XCBuildConfiguration;
			buildSettings = {
				ALWAYS_SEARCH_USER_PATHS = NO;
				CLANG_ANALYZER_NONNULL = YES;
				CLANG_ANALYZER_NUMBER_OBJECT_CONVERSION = YES_AGGRESSIVE;
				CLANG_CXX_LANGUAGE_STANDARD = "gnu++14";
				CLANG_CXX_LIBRARY = "libc++";
				CLANG_ENABLE_MODULES = YES;
				CLANG_ENABLE_OBJC_ARC = YES;
				CLANG_ENABLE_OBJC_WEAK = YES;
				CLANG_WARN_BLOCK_CAPTURE_AUTORELEASING = YES;
				CLANG_WARN_BOOL_CONVERSION = YES;
				CLANG_WARN_COMMA = YES;
				CLANG_WARN_CONSTANT_CONVERSION = YES;
				CLANG_WARN_DEPRECATED_OBJC_IMPLEMENTATIONS = YES;
				CLANG_WARN_DIRECT_OBJC_ISA_USAGE = YES_ERROR;
				CLANG_WARN_DOCUMENTATION_COMMENTS = YES;
				CLANG_WARN_EMPTY_BODY = YES;
				CLANG_WARN_ENUM_CONVERSION = YES;
				CLANG_WARN_INFINITE_RECURSION = YES;
				CLANG_WARN_INT_CONVERSION = YES;
				CLANG_WARN_NON_LITERAL_NULL_CONVERSION = YES;
				CLANG_WARN_OBJC_IMPLICIT_RETAIN_SELF = YES;
				CLANG_WARN_OBJC_LITERAL_CONVERSION = YES;
				CLANG_WARN_OBJC_ROOT_CLASS = YES_ERROR;
				CLANG_WARN_RANGE_LOOP_ANALYSIS = YES;
				CLANG_WARN_STRICT_PROTOTYPES = YES;
				CLANG_WARN_SUSPICIOUS_MOVE = YES;
				CLANG_WARN_UNGUARDED_AVAILABILITY = YES_AGGRESSIVE;
				CLANG_WARN_UNREACHABLE_CODE = YES;
				CLANG_WARN__DUPLICATE_METHOD_MATCH = YES;
				CODE_SIGN_IDENTITY = "iPhone Developer";
				COPY_PHASE_STRIP = NO;
				DEBUG_INFORMATION_FORMAT = "dwarf-with-dsym";
				ENABLE_NS_ASSERTIONS = NO;
				ENABLE_STRICT_OBJC_MSGSEND = YES;
				GCC_C_LANGUAGE_STANDARD = gnu11;
				GCC_NO_COMMON_BLOCKS = YES;
				GCC_WARN_64_TO_32_BIT_CONVERSION = YES;
				GCC_WARN_ABOUT_RETURN_TYPE = YES_ERROR;
				GCC_WARN_UNDECLARED_SELECTOR = YES;
				GCC_WARN_UNINITIALIZED_AUTOS = YES_AGGRESSIVE;
				GCC_WARN_UNUSED_FUNCTION = YES;
				GCC_WARN_UNUSED_VARIABLE = YES;
				IPHONEOS_DEPLOYMENT_TARGET = 12.2;
				MTL_ENABLE_DEBUG_INFO = NO;
				MTL_FAST_MATH = YES;
				SDKROOT = iphoneos;
				VALIDATE_PRODUCT = YES;
			};
			name = Release;
		};
		744AAA2223575A7200322757 /* Debug */ = {
			isa = XCBuildConfiguration;
			baseConfigurationReference = 1AE2D4541150BEF7F0B6C67A /* Pods-OpenDingTalkHelperForiOS.debug.xcconfig */;
			buildSettings = {
				ASSETCATALOG_COMPILER_APPICON_NAME = AppIcon;
				CODE_SIGN_STYLE = Automatic;
				DEVELOPMENT_TEAM = D7TL597S9J;
				GCC_PRECOMPILE_PREFIX_HEADER = YES;
				GCC_PREFIX_HEADER = "$(SRCROOT)/OpenDingTalkHelperForiOS/ODOther/ODPrefixHeader.pch";
				INFOPLIST_FILE = OpenDingTalkHelperForiOS/Info.plist;
				IPHONEOS_DEPLOYMENT_TARGET = 9.0;
				LD_RUNPATH_SEARCH_PATHS = (
					"$(inherited)",
					"@executable_path/Frameworks",
				);
				PRODUCT_BUNDLE_IDENTIFIER = cn.zxlee.OpenDingTalkHelperForiOS4;
				PRODUCT_NAME = "$(TARGET_NAME)";
				TARGETED_DEVICE_FAMILY = "1,2";
			};
			name = Debug;
		};
		744AAA2323575A7200322757 /* Release */ = {
			isa = XCBuildConfiguration;
			baseConfigurationReference = E8ABF461A4588173BF5954BA /* Pods-OpenDingTalkHelperForiOS.release.xcconfig */;
			buildSettings = {
				ASSETCATALOG_COMPILER_APPICON_NAME = AppIcon;
				CODE_SIGN_STYLE = Automatic;
				DEVELOPMENT_TEAM = D7TL597S9J;
				GCC_PRECOMPILE_PREFIX_HEADER = YES;
				GCC_PREFIX_HEADER = "$(SRCROOT)/OpenDingTalkHelperForiOS/ODOther/ODPrefixHeader.pch";
				INFOPLIST_FILE = OpenDingTalkHelperForiOS/Info.plist;
				IPHONEOS_DEPLOYMENT_TARGET = 9.0;
				LD_RUNPATH_SEARCH_PATHS = (
					"$(inherited)",
					"@executable_path/Frameworks",
				);
				PRODUCT_BUNDLE_IDENTIFIER = cn.zxlee.OpenDingTalkHelperForiOS4;
				PRODUCT_NAME = "$(TARGET_NAME)";
				TARGETED_DEVICE_FAMILY = "1,2";
			};
			name = Release;
		};
		744AAA2523575A7200322757 /* Debug */ = {
			isa = XCBuildConfiguration;
			buildSettings = {
				CODE_SIGN_STYLE = Automatic;
				DEVELOPMENT_TEAM = X3UA5897T2;
				INFOPLIST_FILE = OpenDingTalkHelperForiOSUITests/Info.plist;
				LD_RUNPATH_SEARCH_PATHS = (
					"$(inherited)",
					"@executable_path/Frameworks",
					"@loader_path/Frameworks",
				);
				PRODUCT_BUNDLE_IDENTIFIER = cn.zxlee.OpenDingTalkHelperForiOSUITests;
				PRODUCT_NAME = "$(TARGET_NAME)";
				TARGETED_DEVICE_FAMILY = "1,2";
				TEST_TARGET_NAME = OpenDingTalkHelperForiOS;
			};
			name = Debug;
		};
		744AAA2623575A7200322757 /* Release */ = {
			isa = XCBuildConfiguration;
			buildSettings = {
				CODE_SIGN_STYLE = Automatic;
				DEVELOPMENT_TEAM = X3UA5897T2;
				INFOPLIST_FILE = OpenDingTalkHelperForiOSUITests/Info.plist;
				LD_RUNPATH_SEARCH_PATHS = (
					"$(inherited)",
					"@executable_path/Frameworks",
					"@loader_path/Frameworks",
				);
				PRODUCT_BUNDLE_IDENTIFIER = cn.zxlee.OpenDingTalkHelperForiOSUITests;
				PRODUCT_NAME = "$(TARGET_NAME)";
				TARGETED_DEVICE_FAMILY = "1,2";
				TEST_TARGET_NAME = OpenDingTalkHelperForiOS;
			};
			name = Release;
		};
/* End XCBuildConfiguration section */

/* Begin XCConfigurationList section */
		744AA9FB23575A6E00322757 /* Build configuration list for PBXProject "OpenDingTalkHelperForiOS" */ = {
			isa = XCConfigurationList;
			buildConfigurations = (
				744AAA1F23575A7200322757 /* Debug */,
				744AAA2023575A7200322757 /* Release */,
			);
			defaultConfigurationIsVisible = 0;
			defaultConfigurationName = Release;
		};
		744AAA2123575A7200322757 /* Build configuration list for PBXNativeTarget "OpenDingTalkHelperForiOS" */ = {
			isa = XCConfigurationList;
			buildConfigurations = (
				744AAA2223575A7200322757 /* Debug */,
				744AAA2323575A7200322757 /* Release */,
			);
			defaultConfigurationIsVisible = 0;
			defaultConfigurationName = Release;
		};
		744AAA2423575A7200322757 /* Build configuration list for PBXNativeTarget "OpenDingTalkHelperForiOSUITests" */ = {
			isa = XCConfigurationList;
			buildConfigurations = (
				744AAA2523575A7200322757 /* Debug */,
				744AAA2623575A7200322757 /* Release */,
			);
			defaultConfigurationIsVisible = 0;
			defaultConfigurationName = Release;
		};
/* End XCConfigurationList section */
	};
	rootObject = 744AA9F823575A6E00322757 /* Project object */;
}
